
Microsoft Visual Studio Solution File, Format Version 12.00
# Visual Studio Version 16
VisualStudioVersion = 16.0.29102.190
MinimumVisualStudioVersion = 10.0.40219.1
Project("{FAE04EC0-301F-11D3-BF4B-00C04F79EFBC}") = "signalR101", "signalR101.csproj", "{5625E35D-07C1-4179-91F2-6282A4BE1B8B}"
EndProject
Global
	GlobalSection(SolutionConfigurationPlatforms) = preSolution
		Debug|Any CPU = Debug|Any CPU
		Release|Any CPU = Release|Any CPU
	EndGlobalSection
	GlobalSection(ProjectConfigurationPlatforms) = postSolution
		{5625E35D-07C1-4179-91F2-6282A4BE1B8B}.Debug|Any CPU.ActiveCfg = Debug|Any CPU
		{5625E35D-07C1-4179-91F2-6282A4BE1B8B}.Debug|Any CPU.Build.0 = Debug|Any CPU
		{5625E35D-07C1-4179-91F2-6282A4BE1B8B}.Release|Any CPU.ActiveCfg = Release|Any CPU
		{5625E35D-07C1-4179-91F2-6282A4BE1B8B}.Release|Any CPU.Build.0 = Release|Any CPU
	EndGlobalSection
	GlobalSection(SolutionProperties) = preSolution
		HideSolutionNode = FALSE
	EndGlobalSection
	GlobalSection(ExtensibilityGlobals) = postSolution
		SolutionGuid = {ABB5F827-1CAE-4821-B973-DC1643F82936}
	EndGlobalSection
EndGlobal
